
Microsoft Visual Studio Solution File, Format Version 12.00
# Visual Studio Version 17
VisualStudioVersion = 17.4.33122.133
MinimumVisualStudioVersion = 10.0.40219.1
Project("{FAE04EC0-301F-11D3-BF4B-00C04F79EFBC}") = "ConsoleApp1", "ConsoleApp1\ConsoleApp1.csproj", "{09DD4746-FC2D-46B1-8C12-DA60B0FC52D1}"
EndProject
Global
	GlobalSection(SolutionConfigurationPlatforms) = preSolution
		Debug|Any CPU = Debug|Any CPU
		Release|Any CPU = Release|Any CPU
	EndGlobalSection
	GlobalSection(ProjectConfigurationPlatforms) = postSolution
		{09DD4746-FC2D-46B1-8C12-DA60B0FC52D1}.Debug|Any CPU.ActiveCfg = Debug|Any CPU
		{09DD4746-FC2D-46B1-8C12-DA60B0FC52D1}.Debug|Any CPU.Build.0 = Debug|Any CPU
		{09DD4746-FC2D-46B1-8C12-DA60B0FC52D1}.Release|Any CPU.ActiveCfg = Release|Any CPU
		{09DD4746-FC2D-46B1-8C12-DA60B0FC52D1}.Release|Any CPU.Build.0 = Release|Any CPU
	EndGlobalSection
	GlobalSection(SolutionProperties) = preSolution
		HideSolutionNode = FALSE
	EndGlobalSection
	GlobalSection(ExtensibilityGlobals) = postSolution
		SolutionGuid = {4B933170-9BAB-4104-857D-F5F9A790A1D3}
	EndGlobalSection
EndGlobal
